{
    "_readme": [
        "This file locks the dependencies of your project to a known state",
        "Read more about it at https://getcomposer.org/doc/01-basic-usage.md#installing-dependencies",
        "This file is @generated automatically"
    ],
    "content-hash": "03cae4e372f3102ad16c4b03cf9bae64",
    "packages": [
        {
            "name": "phpcq/plugin-api",
            "version": "1.0.3",
            "source": {
                "type": "git",
                "url": "https://github.com/phpcq/plugin-api.git",
                "reference": "5cdbbbcea41191533e8c2bee4a61a73d731df0bb"
            },
            "dist": {
                "type": "zip",
                "url": "https://api.github.com/repos/phpcq/plugin-api/zipball/5cdbbbcea41191533e8c2bee4a61a73d731df0bb",
                "reference": "5cdbbbcea41191533e8c2bee4a61a73d731df0bb",
                "shasum": ""
            },
            "require": {
                "ext-dom": "*",
                "php": "^7.3 || ^8.0"
            },
            "require-dev": {
                "phpcq/runner-bootstrap": "^1.0@dev"
            },
            "type": "library",
            "extra": {
                "branch-alias": {
                    "dev-master": "1.x-dev"
                }
            },
            "autoload": {
                "psr-4": {
                    "Phpcq\\PluginApi\\": "src/"
                }
            },
            "notification-url": "https://packagist.org/downloads/",
            "license": [
                "MIT"
            ],
            "authors": [
                {
                    "name": "Christian Schiffler",
                    "email": "c.schiffler@cyberspectrum.de",
                    "homepage": "https://cyberspectrum.de",
                    "role": "lead"
                },
                {
                    "name": "David Molineus",
                    "email": "david.molineus@netzmacht.de",
                    "homepage": "https://netzmacht.de",
                    "role": "lead"
                }
            ],
            "description": "PHP code quality project plugin API interfaces.",
            "support": {
                "issues": "https://github.com/phpcq/plugin-api/issues",
                "source": "https://github.com/phpcq/plugin-api/tree/1.0.3"
            },
            "funding": [
                {
                    "url": "https://github.com/discordier",
                    "type": "github"
                },
                {
                    "url": "https://github.com/dmolineus",
                    "type": "github"
                }
            ],
            "time": "2024-03-21T08:35:42+00:00"
        }
    ],
    "packages-dev": [
        {
            "name": "phpcq/runner-bootstrap",
            "version": "dev-master",
            "source": {
                "type": "git",
                "url": "https://github.com/phpcq/runner-bootstrap.git",
                "reference": "aa201ff5719ddc2aad060b6a4b0689bacbca37c6"
            },
            "dist": {
                "type": "zip",
                "url": "https://api.github.com/repos/phpcq/runner-bootstrap/zipball/aa201ff5719ddc2aad060b6a4b0689bacbca37c6",
                "reference": "aa201ff5719ddc2aad060b6a4b0689bacbca37c6",
                "shasum": ""
            },
            "require": {
                "php": "^7.3 || ^8.0"
            },
            "default-branch": true,
            "bin": [
                "bin/phpcq"
            ],
            "type": "library",
            "extra": {
                "branch-alias": {
                    "dev-master": "1.x-dev"
                }
            },
            "notification-url": "https://packagist.org/downloads/",
            "license": [
                "MIT"
            ],
            "authors": [
                {
                    "name": "Christian Schiffler",
                    "email": "c.schiffler@cyberspectrum.de",
                    "homepage": "http://cyberspectrum.de",
                    "role": "lead"
                },
                {
                    "name": "David Molineus",
                    "email": "david.molineus@netzmacht.de",
                    "homepage": "https://netzmacht.de",
                    "role": "lead"
                }
            ],
            "description": "PHP code quality composer plugin.",
            "support": {
                "issues": "https://github.com/phpcq/runner-bootstrap/issues",
                "source": "https://github.com/phpcq/runner-bootstrap/tree/master"
            },
            "funding": [
                {
                    "url": "https://github.com/discordier",
                    "type": "github"
                },
                {
                    "url": "https://github.com/dmolineus",
                    "type": "github"
                }
            ],
            "time": "2022-01-21T11:15:13+00:00"
        },
        {
            "name": "phpcq/schema",
            "version": "1.0.0",
            "source": {
                "type": "git",
                "url": "https://github.com/phpcq/schema.git",
                "reference": "3c0ce7ec8e4399b4800b418efe9300210c253cbe"
            },
            "dist": {
                "type": "zip",
                "url": "https://api.github.com/repos/phpcq/schema/zipball/3c0ce7ec8e4399b4800b418efe9300210c253cbe",
                "reference": "3c0ce7ec8e4399b4800b418efe9300210c253cbe",
                "shasum": ""
            },
            "type": "library",
            "extra": {
                "branch-alias": {
                    "dev-master": "1.x-dev"
                }
            },
            "notification-url": "https://packagist.org/downloads/",
            "license": [
                "MIT"
            ],
            "authors": [
                {
                    "name": "Christian Schiffler",
                    "email": "c.schiffler@cyberspectrum.de",
                    "homepage": "https://cyberspectrum.de",
                    "role": "lead"
                },
                {
                    "name": "David Molineus",
                    "email": "david.molineus@netzmacht.de",
                    "homepage": "https://netzmacht.de",
                    "role": "lead"
                }
            ],
            "description": "phpcq schema files",
            "support": {
                "issues": "https://github.com/phpcq/schema/issues",
                "source": "https://github.com/phpcq/schema/tree/1.0.0"
            },
            "funding": [
                {
                    "url": "https://github.com/discordier",
                    "type": "github"
                },
                {
                    "url": "https://github.com/dmolineus",
                    "type": "github"
                }
            ],
            "time": "2021-08-17T19:02:55+00:00"
        },
        {
            "name": "phpstan/phpstan",
            "version": "1.10.66",
            "source": {
                "type": "git",
                "url": "https://github.com/phpstan/phpstan.git",
                "reference": "94779c987e4ebd620025d9e5fdd23323903950bd"
            },
            "dist": {
                "type": "zip",
                "url": "https://api.github.com/repos/phpstan/phpstan/zipball/94779c987e4ebd620025d9e5fdd23323903950bd",
                "reference": "94779c987e4ebd620025d9e5fdd23323903950bd",
                "shasum": ""
            },
            "require": {
                "php": "^7.2|^8.0"
            },
            "conflict": {
                "phpstan/phpstan-shim": "*"
            },
            "bin": [
                "phpstan",
                "phpstan.phar"
            ],
            "type": "library",
            "autoload": {
                "files": [
                    "bootstrap.php"
                ]
            },
            "notification-url": "https://packagist.org/downloads/",
            "license": [
                "MIT"
            ],
            "description": "PHPStan - PHP Static Analysis Tool",
            "keywords": [
                "dev",
                "static analysis"
            ],
            "support": {
                "docs": "https://phpstan.org/user-guide/getting-started",
                "forum": "https://github.com/phpstan/phpstan/discussions",
                "issues": "https://github.com/phpstan/phpstan/issues",
                "security": "https://github.com/phpstan/phpstan/security/policy",
                "source": "https://github.com/phpstan/phpstan-src"
            },
            "funding": [
                {
                    "url": "https://github.com/ondrejmirtes",
                    "type": "github"
                },
                {
                    "url": "https://github.com/phpstan",
                    "type": "github"
                },
                {
                    "url": "https://tidelift.com/funding/github/packagist/phpstan/phpstan",
                    "type": "tidelift"
                }
            ],
            "time": "2024-03-28T16:17:31+00:00"
        },
        {
            "name": "rector/rector",
            "version": "1.0.3",
            "source": {
                "type": "git",
                "url": "https://github.com/rectorphp/rector.git",
                "reference": "c59507a9090b465d65e1aceed91e5b81986e375b"
            },
            "dist": {
                "type": "zip",
                "url": "https://api.github.com/repos/rectorphp/rector/zipball/c59507a9090b465d65e1aceed91e5b81986e375b",
                "reference": "c59507a9090b465d65e1aceed91e5b81986e375b",
                "shasum": ""
            },
            "require": {
                "php": "^7.2|^8.0",
                "phpstan/phpstan": "^1.10.57"
            },
            "conflict": {
                "rector/rector-doctrine": "*",
                "rector/rector-downgrade-php": "*",
                "rector/rector-phpunit": "*",
                "rector/rector-symfony": "*"
            },
            "bin": [
                "bin/rector"
            ],
            "type": "library",
            "autoload": {
                "files": [
                    "bootstrap.php"
                ]
            },
            "notification-url": "https://packagist.org/downloads/",
            "license": [
                "MIT"
            ],
            "description": "Instant Upgrade and Automated Refactoring of any PHP code",
            "keywords": [
                "automation",
                "dev",
                "migration",
                "refactoring"
            ],
            "support": {
                "issues": "https://github.com/rectorphp/rector/issues",
                "source": "https://github.com/rectorphp/rector/tree/1.0.3"
            },
            "funding": [
                {
                    "url": "https://github.com/tomasvotruba",
                    "type": "github"
                }
            ],
            "time": "2024-03-14T15:04:18+00:00"
        }
    ],
    "aliases": [],
    "minimum-stability": "stable",
    "stability-flags": {
        "phpcq/runner-bootstrap": 20
    },
    "prefer-stable": false,
    "prefer-lowest": false,
    "platform": {
        "php": "^8.1",
        "ext-json": "*"
    },
    "platform-dev": [],
    "plugin-api-version": "2.6.0"
}
