{
    "_readme": [
        "This file locks the dependencies of your project to a known state",
        "Read more about it at https://getcomposer.org/doc/01-basic-usage.md#installing-dependencies",
        "This file is @generated automatically"
    ],
    "content-hash": "ef5f38b05ee740706940ded05344cd6e",
    "packages": [
        {
            "name": "phpcq/plugin-api",
            "version": "1.0.3",
            "source": {
                "type": "git",
                "url": "https://github.com/phpcq/plugin-api.git",
                "reference": "5cdbbbcea41191533e8c2bee4a61a73d731df0bb"
            },
            "dist": {
                "type": "zip",
                "url": "https://api.github.com/repos/phpcq/plugin-api/zipball/5cdbbbcea41191533e8c2bee4a61a73d731df0bb",
                "reference": "5cdbbbcea41191533e8c2bee4a61a73d731df0bb",
                "shasum": ""
            },
            "require": {
                "ext-dom": "*",
                "php": "^7.3 || ^8.0"
            },
            "require-dev": {
                "phpcq/runner-bootstrap": "^1.0@dev"
            },
            "type": "library",
            "extra": {
                "branch-alias": {
                    "dev-master": "1.x-dev"
                }
            },
            "autoload": {
                "psr-4": {
                    "Phpcq\\PluginApi\\": "src/"
                }
            },
            "notification-url": "https://packagist.org/downloads/",
            "license": [
                "MIT"
            ],
            "authors": [
                {
                    "name": "Christian Schiffler",
                    "email": "c.schiffler@cyberspectrum.de",
                    "homepage": "https://cyberspectrum.de",
                    "role": "lead"
                },
                {
                    "name": "David Molineus",
                    "email": "david.molineus@netzmacht.de",
                    "homepage": "https://netzmacht.de",
                    "role": "lead"
                }
            ],
            "description": "PHP code quality project plugin API interfaces.",
            "support": {
                "issues": "https://github.com/phpcq/plugin-api/issues",
                "source": "https://github.com/phpcq/plugin-api/tree/1.0.3"
            },
            "funding": [
                {
                    "url": "https://github.com/discordier",
                    "type": "github"
                },
                {
                    "url": "https://github.com/dmolineus",
                    "type": "github"
                }
            ],
            "time": "2024-03-21T08:35:42+00:00"
        }
    ],
    "packages-dev": [
        {
            "name": "phpcq/runner-bootstrap",
            "version": "dev-master",
            "source": {
                "type": "git",
                "url": "https://github.com/phpcq/runner-bootstrap.git",
                "reference": "aa201ff5719ddc2aad060b6a4b0689bacbca37c6"
            },
            "dist": {
                "type": "zip",
                "url": "https://api.github.com/repos/phpcq/runner-bootstrap/zipball/aa201ff5719ddc2aad060b6a4b0689bacbca37c6",
                "reference": "aa201ff5719ddc2aad060b6a4b0689bacbca37c6",
                "shasum": ""
            },
            "require": {
                "php": "^7.3 || ^8.0"
            },
            "default-branch": true,
            "bin": [
                "bin/phpcq"
            ],
            "type": "library",
            "extra": {
                "branch-alias": {
                    "dev-master": "1.x-dev"
                }
            },
            "notification-url": "https://packagist.org/downloads/",
            "license": [
                "MIT"
            ],
            "authors": [
                {
                    "name": "Christian Schiffler",
                    "email": "c.schiffler@cyberspectrum.de",
                    "homepage": "http://cyberspectrum.de",
                    "role": "lead"
                },
                {
                    "name": "David Molineus",
                    "email": "david.molineus@netzmacht.de",
                    "homepage": "https://netzmacht.de",
                    "role": "lead"
                }
            ],
            "description": "PHP code quality composer plugin.",
            "support": {
                "issues": "https://github.com/phpcq/runner-bootstrap/issues",
                "source": "https://github.com/phpcq/runner-bootstrap/tree/master"
            },
            "funding": [
                {
                    "url": "https://github.com/discordier",
                    "type": "github"
                },
                {
                    "url": "https://github.com/dmolineus",
                    "type": "github"
                }
            ],
            "time": "2022-01-21T11:15:13+00:00"
        },
        {
            "name": "phpcq/schema",
            "version": "1.0.0",
            "source": {
                "type": "git",
                "url": "https://github.com/phpcq/schema.git",
                "reference": "3c0ce7ec8e4399b4800b418efe9300210c253cbe"
            },
            "dist": {
                "type": "zip",
                "url": "https://api.github.com/repos/phpcq/schema/zipball/3c0ce7ec8e4399b4800b418efe9300210c253cbe",
                "reference": "3c0ce7ec8e4399b4800b418efe9300210c253cbe",
                "shasum": ""
            },
            "type": "library",
            "extra": {
                "branch-alias": {
                    "dev-master": "1.x-dev"
                }
            },
            "notification-url": "https://packagist.org/downloads/",
            "license": [
                "MIT"
            ],
            "authors": [
                {
                    "name": "Christian Schiffler",
                    "email": "c.schiffler@cyberspectrum.de",
                    "homepage": "https://cyberspectrum.de",
                    "role": "lead"
                },
                {
                    "name": "David Molineus",
                    "email": "david.molineus@netzmacht.de",
                    "homepage": "https://netzmacht.de",
                    "role": "lead"
                }
            ],
            "description": "phpcq schema files",
            "support": {
                "issues": "https://github.com/phpcq/schema/issues",
                "source": "https://github.com/phpcq/schema/tree/1.0.0"
            },
            "funding": [
                {
                    "url": "https://github.com/discordier",
                    "type": "github"
                },
                {
                    "url": "https://github.com/dmolineus",
                    "type": "github"
                }
            ],
            "time": "2021-08-17T19:02:55+00:00"
        }
    ],
    "aliases": [],
    "minimum-stability": "stable",
    "stability-flags": {
        "phpcq/runner-bootstrap": 20
    },
    "prefer-stable": false,
    "prefer-lowest": false,
    "platform": {
        "php": "^8.1",
        "ext-json": "*"
    },
    "platform-dev": [],
    "plugin-api-version": "2.6.0"
}
